// !$*UTF8*$!
{
	archiveVersion = 1;
	classes = {
	};
	objectVersion = 46;
	objects = {

/* Begin PBXBuildFile section */
		D768A53E1EDA03A400B9C598 /* AppDelegate.swift in Sources */ = {isa = PBXBuildFile; fileRef = D768A53D1EDA03A400B9C598 /* AppDelegate.swift */; };
		D768A5401EDA03A400B9C598 /* ViewController.swift in Sources */ = {isa = PBXBuildFile; fileRef = D768A53F1EDA03A400B9C598 /* ViewController.swift */; };
		D768A5431EDA03A400B9C598 /* Main.storyboard in Resources */ = {isa = PBXBuildFile; fileRef = D768A5411EDA03A400B9C598 /* Main.storyboard */; };
		D768A5451EDA03A400B9C598 /* Assets.xcassets in Resources */ = {isa = PBXBuildFile; fileRef = D768A5441EDA03A400B9C598 /* Assets.xcassets */; };
		D768A5481EDA03A400B9C598 /* LaunchScreen.storyboard in Resources */ = {isa = PBXBuildFile; fileRef = D768A5461EDA03A400B9C598 /* LaunchScreen.storyboard */; };
		D79B97DE1EE4418C00F8D35C /* PageViewController.swift in Sources */ = {isa = PBXBuildFile; fileRef = D79B97DD1EE4418C00F8D35C /* PageViewController.swift */; };
		D7AA14591EE44CD70052C6D3 /* StepOneViewController.swift in Sources */ = {isa = PBXBuildFile; fileRef = D7AA14581EE44CD70052C6D3 /* StepOneViewController.swift */; };
/* End PBXBuildFile section */

/* Begin PBXFileReference section */
		D768A53A1EDA03A400B9C598 /* Teazy.app */ = {isa = PBXFileReference; explicitFileType = wrapper.application; includeInIndex = 0; path = Teazy.app; sourceTree = BUILT_PRODUCTS_DIR; };
		D768A53D1EDA03A400B9C598 /* AppDelegate.swift */ = {isa = PBXFileReference; lastKnownFileType = sourcecode.swift; path = AppDelegate.swift; sourceTree = "<group>"; };
		D768A53F1EDA03A400B9C598 /* ViewController.swift */ = {isa = PBXFileReference; lastKnownFileType = sourcecode.swift; path = ViewController.swift; sourceTree = "<group>"; };
		D768A5421EDA03A400B9C598 /* Base */ = {isa = PBXFileReference; lastKnownFileType = file.storyboard; name = Base; path = Base.lproj/Main.storyboard; sourceTree = "<group>"; };
		D768A5441EDA03A400B9C598 /* Assets.xcassets */ = {isa = PBXFileReference; lastKnownFileType = folder.assetcatalog; path = Assets.xcassets; sourceTree = "<group>"; };
		D768A5471EDA03A400B9C598 /* Base */ = {isa = PBXFileReference; lastKnownFileType = file.storyboard; name = Base; path = Base.lproj/LaunchScreen.storyboard; sourceTree = "<group>"; };
		D768A5491EDA03A400B9C598 /* Info.plist */ = {isa = PBXFileReference; lastKnownFileType = text.plist.xml; path = Info.plist; sourceTree = "<group>"; };
		D79B97DD1EE4418C00F8D35C /* PageViewController.swift */ = {isa = PBXFileReference; fileEncoding = 4; lastKnownFileType = sourcecode.swift; path = PageViewController.swift; sourceTree = "<group>"; };
		D7AA14581EE44CD70052C6D3 /* StepOneViewController.swift */ = {isa = PBXFileReference; fileEncoding = 4; lastKnownFileType = sourcecode.swift; name = StepOneViewController.swift; path = ../StepOneViewController.swift; sourceTree = "<group>"; };
/* End PBXFileReference section */

/* Begin PBXFrameworksBuildPhase section */
		D768A5371EDA03A400B9C598 /* Frameworks */ = {
			isa = PBXFrameworksBuildPhase;
			buildActionMask = 2147483647;
			files = (
			);
			runOnlyForDeploymentPostprocessing = 0;
		};
/* End PBXFrameworksBuildPhase section */

/* Begin PBXGroup section */
		D768A5311EDA03A400B9C598 = {
			isa = PBXGroup;
			children = (
				D79B97DD1EE4418C00F8D35C /* PageViewController.swift */,
				D768A53C1EDA03A400B9C598 /* Teazy */,
				D768A53B1EDA03A400B9C598 /* Products */,
			);
			sourceTree = "<group>";
		};
		D768A53B1EDA03A400B9C598 /* Products */ = {
			isa = PBXGroup;
			children = (
				D768A53A1EDA03A400B9C598 /* Teazy.app */,
			);
			name = Products;
			sourceTree = "<group>";
		};
		D768A53C1EDA03A400B9C598 /* Teazy */ = {
			isa = PBXGroup;
			children = (
				D7AA145A1EE453360052C6D3 /* Controllers */,
				D768A53D1EDA03A400B9C598 /* AppDelegate.swift */,
				D768A53F1EDA03A400B9C598 /* ViewController.swift */,
				D768A5411EDA03A400B9C598 /* Main.storyboard */,
				D768A5441EDA03A400B9C598 /* Assets.xcassets */,
				D768A5461EDA03A400B9C598 /* LaunchScreen.storyboard */,
				D768A5491EDA03A400B9C598 /* Info.plist */,
			);
			path = Teazy;
			sourceTree = "<group>";
		};
		D7AA145A1EE453360052C6D3 /* Controllers */ = {
			isa = PBXGroup;
			children = (
				D7AA14581EE44CD70052C6D3 /* StepOneViewController.swift */,
			);
			name = Controllers;
			sourceTree = "<group>";
		};
/* End PBXGroup section */

/* Begin PBXNativeTarget section */
		D768A5391EDA03A400B9C598 /* Teazy */ = {
			isa = PBXNativeTarget;
			buildConfigurationList = D768A54C1EDA03A400B9C598 /* Build configuration list for PBXNativeTarget "Teazy" */;
			buildPhases = (
				D768A5361EDA03A400B9C598 /* Sources */,
				D768A5371EDA03A400B9C598 /* Frameworks */,
				D768A5381EDA03A400B9C598 /* Resources */,
			);
			buildRules = (
			);
			dependencies = (
			);
			name = Teazy;
			productName = Teazy;
			productReference = D768A53A1EDA03A400B9C598 /* Teazy.app */;
			productType = "com.apple.product-type.application";
		};
/* End PBXNativeTarget section */

/* Begin PBXProject section */
		D768A5321EDA03A400B9C598 /* Project object */ = {
			isa = PBXProject;
			attributes = {
				LastSwiftUpdateCheck = 0830;
				LastUpgradeCheck = 0830;
				ORGANIZATIONNAME = Dev;
				TargetAttributes = {
					D768A5391EDA03A400B9C598 = {
						CreatedOnToolsVersion = 8.3.2;
						DevelopmentTeam = H27QMYNTH5;
						ProvisioningStyle = Automatic;
					};
				};
			};
			buildConfigurationList = D768A5351EDA03A400B9C598 /* Build configuration list for PBXProject "Teazy" */;
			compatibilityVersion = "Xcode 3.2";
			developmentRegion = English;
			hasScannedForEncodings = 0;
			knownRegions = (
				en,
				Base,
			);
			mainGroup = D768A5311EDA03A400B9C598;
			productRefGroup = D768A53B1EDA03A400B9C598 /* Products */;
			projectDirPath = "";
			projectRoot = "";
			targets = (
				D768A5391EDA03A400B9C598 /* Teazy */,
			);
		};
/* End PBXProject section */

/* Begin PBXResourcesBuildPhase section */
		D768A5381EDA03A400B9C598 /* Resources */ = {
			isa = PBXResourcesBuildPhase;
			buildActionMask = 2147483647;
			files = (
				D768A5481EDA03A400B9C598 /* LaunchScreen.storyboard in Resources */,
				D768A5451EDA03A400B9C598 /* Assets.xcassets in Resources */,
				D768A5431EDA03A400B9C598 /* Main.storyboard in Resources */,
			);
			runOnlyForDeploymentPostprocessing = 0;
		};
/* End PBXResourcesBuildPhase section */

/* Begin PBXSourcesBuildPhase section */
		D768A5361EDA03A400B9C598 /* Sources */ = {
			isa = PBXSourcesBuildPhase;
			buildActionMask = 2147483647;
			files = (
				D79B97DE1EE4418C00F8D35C /* PageViewController.swift in Sources */,
				D768A5401EDA03A400B9C598 /* ViewController.swift in Sources */,
				D768A53E1EDA03A400B9C598 /* AppDelegate.swift in Sources */,
				D7AA14591EE44CD70052C6D3 /* StepOneViewController.swift in Sources */,
			);
			runOnlyForDeploymentPostprocessing = 0;
		};
/* End PBXSourcesBuildPhase section */

/* Begin PBXVariantGroup section */
		D768A5411EDA03A400B9C598 /* Main.storyboard */ = {
			isa = PBXVariantGroup;
			children = (
				D768A5421EDA03A400B9C598 /* Base */,
			);
			name = Main.storyboard;
			sourceTree = "<group>";
		};
		D768A5461EDA03A400B9C598 /* LaunchScreen.storyboard */ = {
			isa = PBXVariantGroup;
			children = (
				D768A5471EDA03A400B9C598 /* Base */,
			);
			name = LaunchScreen.storyboard;
			sourceTree = "<group>";
		};
/* End PBXVariantGroup section */

/* Begin XCBuildConfiguration section */
		D768A54A1EDA03A400B9C598 /* Debug */ = {
			isa = XCBuildConfiguration;
			buildSettings = {
				ALWAYS_SEARCH_USER_PATHS = NO;
				CLANG_ANALYZER_NONNULL = YES;
				CLANG_ANALYZER_NUMBER_OBJECT_CONVERSION = YES_AGGRESSIVE;
				CLANG_CXX_LANGUAGE_STANDARD = "gnu++0x";
				CLANG_CXX_LIBRARY = "libc++";
				CLANG_ENABLE_MODULES = YES;
				CLANG_ENABLE_OBJC_ARC = YES;
				CLANG_WARN_BOOL_CONVERSION = YES;
				CLANG_WARN_CONSTANT_CONVERSION = YES;
				CLANG_WARN_DIRECT_OBJC_ISA_USAGE = YES_ERROR;
				CLANG_WARN_DOCUMENTATION_COMMENTS = YES;
				CLANG_WARN_EMPTY_BODY = YES;
				CLANG_WARN_ENUM_CONVERSION = YES;
				CLANG_WARN_INFINITE_RECURSION = YES;
				CLANG_WARN_INT_CONVERSION = YES;
				CLANG_WARN_OBJC_ROOT_CLASS = YES_ERROR;
				CLANG_WARN_SUSPICIOUS_MOVE = YES;
				CLANG_WARN_UNREACHABLE_CODE = YES;
				CLANG_WARN__DUPLICATE_METHOD_MATCH = YES;
				"CODE_SIGN_IDENTITY[sdk=iphoneos*]" = "iPhone Developer";
				COPY_PHASE_STRIP = NO;
				DEBUG_INFORMATION_FORMAT = dwarf;
				ENABLE_STRICT_OBJC_MSGSEND = YES;
				ENABLE_TESTABILITY = YES;
				GCC_C_LANGUAGE_STANDARD = gnu99;
				GCC_DYNAMIC_NO_PIC = NO;
				GCC_NO_COMMON_BLOCKS = YES;
				GCC_OPTIMIZATION_LEVEL = 0;
				GCC_PREPROCESSOR_DEFINITIONS = (
					"DEBUG=1",
					"$(inherited)",
				);
				GCC_WARN_64_TO_32_BIT_CONVERSION = YES;
				GCC_WARN_ABOUT_RETURN_TYPE = YES_ERROR;
				GCC_WARN_UNDECLARED_SELECTOR = YES;
				GCC_WARN_UNINITIALIZED_AUTOS = YES_AGGRESSIVE;
				GCC_WARN_UNUSED_FUNCTION = YES;
				GCC_WARN_UNUSED_VARIABLE = YES;
				IPHONEOS_DEPLOYMENT_TARGET = 10.3;
				MTL_ENABLE_DEBUG_INFO = YES;
				ONLY_ACTIVE_ARCH = YES;
				SDKROOT = iphoneos;
				SWIFT_ACTIVE_COMPILATION_CONDITIONS = DEBUG;
				SWIFT_OPTIMIZATION_LEVEL = "-Onone";
				TARGETED_DEVICE_FAMILY = "1,2";
			};
			name = Debug;
		};
		D768A54B1EDA03A400B9C598 /* Release */ = {
			isa = XCBuildConfiguration;
			buildSettings = {
				ALWAYS_SEARCH_USER_PATHS = NO;
				CLANG_ANALYZER_NONNULL = YES;
				CLANG_ANALYZER_NUMBER_OBJECT_CONVERSION = YES_AGGRESSIVE;
				CLANG_CXX_LANGUAGE_STANDARD = "gnu++0x";
				CLANG_CXX_LIBRARY = "libc++";
				CLANG_ENABLE_MODULES = YES;
				CLANG_ENABLE_OBJC_ARC = YES;
				CLANG_WARN_BOOL_CONVERSION = YES;
				CLANG_WARN_CONSTANT_CONVERSION = YES;
				CLANG_WARN_DIRECT_OBJC_ISA_USAGE = YES_ERROR;
				CLANG_WARN_DOCUMENTATION_COMMENTS = YES;
				CLANG_WARN_EMPTY_BODY = YES;
				CLANG_WARN_ENUM_CONVERSION = YES;
				CLANG_WARN_INFINITE_RECURSION = YES;
				CLANG_WARN_INT_CONVERSION = YES;
				CLANG_WARN_OBJC_ROOT_CLASS = YES_ERROR;
				CLANG_WARN_SUSPICIOUS_MOVE = YES;
				CLANG_WARN_UNREACHABLE_CODE = YES;
				CLANG_WARN__DUPLICATE_METHOD_MATCH = YES;
				"CODE_SIGN_IDENTITY[sdk=iphoneos*]" = "iPhone Developer";
				COPY_PHASE_STRIP = NO;
				DEBUG_INFORMATION_FORMAT = "dwarf-with-dsym";
				ENABLE_NS_ASSERTIONS = NO;
				ENABLE_STRICT_OBJC_MSGSEND = YES;
				GCC_C_LANGUAGE_STANDARD = gnu99;
				GCC_NO_COMMON_BLOCKS = YES;
				GCC_WARN_64_TO_32_BIT_CONVERSION = YES;
				GCC_WARN_ABOUT_RETURN_TYPE = YES_ERROR;
				GCC_WARN_UNDECLARED_SELECTOR = YES;
				GCC_WARN_UNINITIALIZED_AUTOS = YES_AGGRESSIVE;
				GCC_WARN_UNUSED_FUNCTION = YES;
				GCC_WARN_UNUSED_VARIABLE = YES;
				IPHONEOS_DEPLOYMENT_TARGET = 10.3;
				MTL_ENABLE_DEBUG_INFO = NO;
				SDKROOT = iphoneos;
				SWIFT_OPTIMIZATION_LEVEL = "-Owholemodule";
				TARGETED_DEVICE_FAMILY = "1,2";
				VALIDATE_PRODUCT = YES;
			};
			name = Release;
		};
		D768A54D1EDA03A400B9C598 /* Debug */ = {
			isa = XCBuildConfiguration;
			buildSettings = {
				ASSETCATALOG_COMPILER_APPICON_NAME = AppIcon;
				DEVELOPMENT_TEAM = H27QMYNTH5;
				INFOPLIST_FILE = Teazy/Info.plist;
				LD_RUNPATH_SEARCH_PATHS = "$(inherited) @executable_path/Frameworks";
				PRODUCT_BUNDLE_IDENTIFIER = teazy.cs.Teazy;
				PRODUCT_NAME = "$(TARGET_NAME)";
				SWIFT_VERSION = 3.0;
			};
			name = Debug;
		};
		D768A54E1EDA03A400B9C598 /* Release */ = {
			isa = XCBuildConfiguration;
			buildSettings = {
				ASSETCATALOG_COMPILER_APPICON_NAME = AppIcon;
				DEVELOPMENT_TEAM = H27QMYNTH5;
				INFOPLIST_FILE = Teazy/Info.plist;
				LD_RUNPATH_SEARCH_PATHS = "$(inherited) @executable_path/Frameworks";
				PRODUCT_BUNDLE_IDENTIFIER = teazy.cs.Teazy;
				PRODUCT_NAME = "$(TARGET_NAME)";
				SWIFT_VERSION = 3.0;
			};
			name = Release;
		};
/* End XCBuildConfiguration section */

/* Begin XCConfigurationList section */
		D768A5351EDA03A400B9C598 /* Build configuration list for PBXProject "Teazy" */ = {
			isa = XCConfigurationList;
			buildConfigurations = (
				D768A54A1EDA03A400B9C598 /* Debug */,
				D768A54B1EDA03A400B9C598 /* Release */,
			);
			defaultConfigurationIsVisible = 0;
			defaultConfigurationName = Release;
		};
		D768A54C1EDA03A400B9C598 /* Build configuration list for PBXNativeTarget "Teazy" */ = {
			isa = XCConfigurationList;
			buildConfigurations = (
				D768A54D1EDA03A400B9C598 /* Debug */,
				D768A54E1EDA03A400B9C598 /* Release */,
			);
			defaultConfigurationIsVisible = 0;
			defaultConfigurationName = Release;
		};
/* End XCConfigurationList section */
	};
	rootObject = D768A5321EDA03A400B9C598 /* Project object */;
}
